{
    "_meta": {
        "hash": {
            "sha256": "bd23e001fe933a5a4480ef0f15084b0544d407c19b2b2a7141df8c22a52245ba"
        },
        "host-environment-markers": {
            "implementation_name": "cpython",
            "implementation_version": "3.6.1",
            "os_name": "nt",
            "platform_machine": "AMD64",
            "platform_python_implementation": "CPython",
            "platform_release": "10",
            "platform_system": "Windows",
            "platform_version": "10.0.17134",
            "python_full_version": "3.6.1",
            "python_version": "3.6",
            "sys_platform": "win32"
        },
        "pipfile-spec": 6,
        "requires": {},
        "sources": [
            {
                "name": "pypi",
                "url": "https://pypi.python.org/simple",
                "verify_ssl": true
            }
        ]
    },
    "default": {
        "certifi": {
            "hashes": [],
            "version": "==2018.4.16"
        },
        "chardet": {
            "hashes": [],
            "version": "==3.0.4"
        },
        "dj-database-url": {
            "hashes": [],
            "version": "==0.5.0"
        },
        "django": {
            "hashes": [],
            "version": "==2.0.6"
        },
        "gunicorn": {
            "hashes": [],
            "version": "==19.8.1"
        },
        "idna": {
            "hashes": [],
            "version": "==2.7"
        },
        "psycopg2": {
            "hashes": [],
            "version": "==2.7.4"
        },
        "pytz": {
            "hashes": [],
            "version": "==2018.4"
        },
        "requests": {
            "hashes": [],
            "version": "==2.19.0"
        },
        "urllib3": {
            "hashes": [],
            "version": "==1.23"
        },
        "whitenoise": {
            "hashes": [],
            "version": "==3.3.1"
        }
    },
    "develop": {}
}
